
Microsoft Visual Studio Solution File, Format Version 12.00
# Visual Studio 2013
VisualStudioVersion = 12.0.31101.0
MinimumVisualStudioVersion = 10.0.40219.1
Project("{2150E333-8FDC-42A3-9474-1A3956D46DE8}") = "3.0 Listener Samples", "3.0 Listener Samples", "{7C45817A-6A7C-4771-8FBD-011E3A5DAADF}"
EndProject
Project("{2150E333-8FDC-42A3-9474-1A3956D46DE8}") = "2.0 Configuration Samples", "2.0 Configuration Samples", "{06564B87-126A-4381-BBC3-05405E6CF389}"
EndProject
Project("{2150E333-8FDC-42A3-9474-1A3956D46DE8}") = "1.0 Getting Started Samples", "1.0 Getting Started Samples", "{F0CBB8D5-CB6B-4B32-BA6C-943A2EFFF38B}"
EndProject
Project("{2150E333-8FDC-42A3-9474-1A3956D46DE8}") = "5.0 Extension Samples", "5.0 Extension Samples", "{015874F8-60E9-47A9-9B1D-09F03D6D65F0}"
EndProject
Project("{FAE04EC0-301F-11D3-BF4B-00C04F79EFBC}") = "EmailListener_Sample", "Listeners\EmailListener\EmailListener_Sample.csproj", "{19636970-246A-4CB1-ADA9-2D43E29564F9}"
EndProject
Project("{FAE04EC0-301F-11D3-BF4B-00C04F79EFBC}") = "DebugTrace_Sample", "Extensions\DebugTrace\DebugTrace_Sample.csproj", "{7293EB11-0D31-432D-90DC-640334407B03}"
EndProject
Project("{FAE04EC0-301F-11D3-BF4B-00C04F79EFBC}") = "Log4net_Sample", "Extensions\Log4net\Log4net_Sample.csproj", "{DDCB1251-AC79-45B3-96E4-27B5B995B196}"
EndProject
Project("{FAE04EC0-301F-11D3-BF4B-00C04F79EFBC}") = "NLog_Sample", "Extensions\NLog\NLog_Sample.csproj", "{BE9BC0D1-B2C8-4EC9-8CAC-CB0557DBD008}"
EndProject
Project("{FAE04EC0-301F-11D3-BF4B-00C04F79EFBC}") = "SemanticLogging_Sample", "Extensions\SemanticLogging\SemanticLogging_Sample.csproj", "{583F4692-82BF-4BA0-B0A0-85C0B3FE933B}"
EndProject
Project("{FAE04EC0-301F-11D3-BF4B-00C04F79EFBC}") = "EnterpriseLibrary5_Sample", "Extensions\EnterpriseLibrary5\EnterpriseLibrary5_Sample.csproj", "{B215B57C-E07A-4BC8-BFB6-A10B8A2E2B66}"
EndProject
Project("{FAE04EC0-301F-11D3-BF4B-00C04F79EFBC}") = "EnterpriseLibrary6_Sample", "Extensions\EnterpriseLibrary6\EnterpriseLibrary6_Sample.csproj", "{D024F808-9601-473E-B5E6-B0268F25E54F}"
EndProject
Project("{FAE04EC0-301F-11D3-BF4B-00C04F79EFBC}") = "HttpModule_Sample", "Extensions\HttpModule\HttpModule_Sample.csproj", "{21ABD917-74AA-4F08-9A5E-80604A341481}"
EndProject
Project("{2150E333-8FDC-42A3-9474-1A3956D46DE8}") = "_Solution Items", "_Solution Items", "{BC2209CA-D110-44BB-86CB-2E90820F38EB}"
	ProjectSection(SolutionItems) = preProject
		README.txt = README.txt
		assets\VersionInfo.cs = assets\VersionInfo.cs
	EndProjectSection
EndProject
Project("{2150E333-8FDC-42A3-9474-1A3956D46DE8}") = "PostSharp", "PostSharp", "{F3CE9725-57CD-40BC-A968-A6C3C694ABCC}"
EndProject
Project("{2150E333-8FDC-42A3-9474-1A3956D46DE8}") = "Enterprise Library", "Enterprise Library", "{35954502-3EEC-4E7E-81B4-F4D75A1B33E3}"
EndProject
Project("{FAE04EC0-301F-11D3-BF4B-00C04F79EFBC}") = "PostSharp_Common_Sample", "Extensions\PostSharp\PostSharp_Common_Sample\PostSharp_Common_Sample.csproj", "{2EA01FD1-057A-4A97-B5D2-B67CE57393A4}"
EndProject
Project("{FAE04EC0-301F-11D3-BF4B-00C04F79EFBC}") = "PostSharp_Main_Sample", "Extensions\PostSharp\PostSharp_Main_Sample\PostSharp_Main_Sample.csproj", "{77541054-C328-41F0-810B-13732577C10E}"
EndProject
Project("{FAE04EC0-301F-11D3-BF4B-00C04F79EFBC}") = "EmbeddedConfiguration_Sample", "Configuration\EmbeddedConfiguration\EmbeddedConfiguration_Sample.csproj", "{1435B6EA-02A2-4AFE-B049-3263410AE05E}"
EndProject
Project("{FAE04EC0-301F-11D3-BF4B-00C04F79EFBC}") = "HeadlessConfiguration_Sample", "Configuration\HeadlessConfiguration\HeadlessConfiguration_Sample.csproj", "{8DB01656-1DEC-4D85-8BDF-041C1CDD64CC}"
EndProject
Project("{FAE04EC0-301F-11D3-BF4B-00C04F79EFBC}") = "SatelliteConfiguration_Sample", "Configuration\SatelliteConfiguration\SatelliteConfiguration_Sample.csproj", "{E96BB55F-9788-4BC9-9CBC-B19ADE6076BF}"
EndProject
Project("{FAE04EC0-301F-11D3-BF4B-00C04F79EFBC}") = "HelloReflectInsight_Sample", "Getting Started\HelloReflectInsight\HelloReflectInsight_Sample.csproj", "{075E5DF9-270B-4614-9E56-11DE9FB3CFE6}"
EndProject
Project("{FAE04EC0-301F-11D3-BF4B-00C04F79EFBC}") = "CommonLogging_Sample", "Extensions\CommonLogging\CommonLogging_Sample.csproj", "{74D32CE0-CDC7-43D1-B35D-149DC0DAFE67}"
EndProject
Project("{2150E333-8FDC-42A3-9474-1A3956D46DE8}") = ".nuget", ".nuget", "{5B8614D0-8500-4B4C-9F72-7518ED57DDC7}"
	ProjectSection(SolutionItems) = preProject
		.nuget\NuGet.Config = .nuget\NuGet.Config
		.nuget\NuGet.exe = .nuget\NuGet.exe
		.nuget\NuGet.targets = .nuget\NuGet.targets
	EndProjectSection
EndProject
Project("{FAE04EC0-301F-11D3-BF4B-00C04F79EFBC}") = "EventLogListener_Sample", "Listeners\EventLogListener\EventLogListener_Sample.csproj", "{FE0FCADA-1D90-4D79-B8A9-0F92CA38C70C}"
EndProject
Project("{FAE04EC0-301F-11D3-BF4B-00C04F79EFBC}") = "Watches_Sample", "Getting Started\Watches\Watches_Sample.csproj", "{56B8D9A8-46E5-4791-997C-A4C7CFA10EB0}"
EndProject
Project("{2150E333-8FDC-42A3-9474-1A3956D46DE8}") = "4.0 Bindings", "4.0 Bindings", "{C5453773-139E-44DF-94AF-9F73A359D365}"
EndProject
Project("{FAE04EC0-301F-11D3-BF4B-00C04F79EFBC}") = "Bindings.Sample1", "Bindings\Bindings.Sample1\Bindings.Sample1.csproj", "{53311DCF-C52C-4272-8DDD-1B91B26DFC41}"
EndProject
Project("{2150E333-8FDC-42A3-9474-1A3956D46DE8}") = "DatabaseListener_Sample", "DatabaseListener_Sample", "{729D5DB9-BC87-4B6F-A4A0-D14559627F86}"
EndProject
Project("{FAE04EC0-301F-11D3-BF4B-00C04F79EFBC}") = "Insight.Listeners.Database.Sql", "Listeners\DatabaseListener\Insight.Listeners.Database.Sql\Insight.Listeners.Database.Sql.csproj", "{5D2A3311-BB55-4D68-9513-B178A37C8406}"
EndProject
Project("{FAE04EC0-301F-11D3-BF4B-00C04F79EFBC}") = "DatabaseListener_Sample", "Listeners\DatabaseListener\DatabaseListener_Sample\DatabaseListener_Sample.csproj", "{F3DA175B-8CF3-46A7-B36F-E052D8995342}"
EndProject
Project("{FAE04EC0-301F-11D3-BF4B-00C04F79EFBC}") = "BinaryFileListener_Sample", "Listeners\BinaryFileListener\BinaryFileListener_Sample.csproj", "{480ABF65-9408-45F2-A5DF-F1D3673CDFDE}"
EndProject
Project("{FAE04EC0-301F-11D3-BF4B-00C04F79EFBC}") = "ConsoleListener_Sample", "Listeners\ConsoleListener\ConsoleListener_Sample.csproj", "{52AFD884-63E5-49AA-BB2D-8644BF01CEB7}"
EndProject
Project("{FAE04EC0-301F-11D3-BF4B-00C04F79EFBC}") = "TextFileListener_Sample", "Listeners\TextFileListener\TextFileListener_Sample.csproj", "{24C494E2-C12D-4925-8D15-BC460A44DA5C}"
EndProject
Project("{FAE04EC0-301F-11D3-BF4B-00C04F79EFBC}") = "ViewerListener_Sample", "Listeners\ViewerListener\ViewerListener_Sample.csproj", "{229C5E34-1D72-46E6-BC58-335F9446CDC2}"
EndProject
Global
	GlobalSection(SolutionConfigurationPlatforms) = preSolution
		Debug|Any CPU = Debug|Any CPU
		Debug|x86 = Debug|x86
		Release|Any CPU = Release|Any CPU
		Release|x86 = Release|x86
	EndGlobalSection
	GlobalSection(ProjectConfigurationPlatforms) = postSolution
		{19636970-246A-4CB1-ADA9-2D43E29564F9}.Debug|Any CPU.ActiveCfg = Debug|Any CPU
		{19636970-246A-4CB1-ADA9-2D43E29564F9}.Debug|Any CPU.Build.0 = Debug|Any CPU
		{19636970-246A-4CB1-ADA9-2D43E29564F9}.Debug|x86.ActiveCfg = Debug|Any CPU
		{19636970-246A-4CB1-ADA9-2D43E29564F9}.Release|Any CPU.ActiveCfg = Release|Any CPU
		{19636970-246A-4CB1-ADA9-2D43E29564F9}.Release|Any CPU.Build.0 = Release|Any CPU
		{19636970-246A-4CB1-ADA9-2D43E29564F9}.Release|x86.ActiveCfg = Release|Any CPU
		{7293EB11-0D31-432D-90DC-640334407B03}.Debug|Any CPU.ActiveCfg = Debug|Any CPU
		{7293EB11-0D31-432D-90DC-640334407B03}.Debug|Any CPU.Build.0 = Debug|Any CPU
		{7293EB11-0D31-432D-90DC-640334407B03}.Debug|x86.ActiveCfg = Debug|Any CPU
		{7293EB11-0D31-432D-90DC-640334407B03}.Release|Any CPU.ActiveCfg = Release|Any CPU
		{7293EB11-0D31-432D-90DC-640334407B03}.Release|Any CPU.Build.0 = Release|Any CPU
		{7293EB11-0D31-432D-90DC-640334407B03}.Release|x86.ActiveCfg = Release|Any CPU
		{DDCB1251-AC79-45B3-96E4-27B5B995B196}.Debug|Any CPU.ActiveCfg = Debug|Any CPU
		{DDCB1251-AC79-45B3-96E4-27B5B995B196}.Debug|Any CPU.Build.0 = Debug|Any CPU
		{DDCB1251-AC79-45B3-96E4-27B5B995B196}.Debug|x86.ActiveCfg = Debug|Any CPU
		{DDCB1251-AC79-45B3-96E4-27B5B995B196}.Release|Any CPU.ActiveCfg = Release|Any CPU
		{DDCB1251-AC79-45B3-96E4-27B5B995B196}.Release|Any CPU.Build.0 = Release|Any CPU
		{DDCB1251-AC79-45B3-96E4-27B5B995B196}.Release|x86.ActiveCfg = Release|Any CPU
		{BE9BC0D1-B2C8-4EC9-8CAC-CB0557DBD008}.Debug|Any CPU.ActiveCfg = Debug|Any CPU
		{BE9BC0D1-B2C8-4EC9-8CAC-CB0557DBD008}.Debug|Any CPU.Build.0 = Debug|Any CPU
		{BE9BC0D1-B2C8-4EC9-8CAC-CB0557DBD008}.Debug|x86.ActiveCfg = Debug|Any CPU
		{BE9BC0D1-B2C8-4EC9-8CAC-CB0557DBD008}.Release|Any CPU.ActiveCfg = Release|Any CPU
		{BE9BC0D1-B2C8-4EC9-8CAC-CB0557DBD008}.Release|Any CPU.Build.0 = Release|Any CPU
		{BE9BC0D1-B2C8-4EC9-8CAC-CB0557DBD008}.Release|x86.ActiveCfg = Release|Any CPU
		{583F4692-82BF-4BA0-B0A0-85C0B3FE933B}.Debug|Any CPU.ActiveCfg = Debug|Any CPU
		{583F4692-82BF-4BA0-B0A0-85C0B3FE933B}.Debug|Any CPU.Build.0 = Debug|Any CPU
		{583F4692-82BF-4BA0-B0A0-85C0B3FE933B}.Debug|x86.ActiveCfg = Debug|Any CPU
		{583F4692-82BF-4BA0-B0A0-85C0B3FE933B}.Release|Any CPU.ActiveCfg = Release|Any CPU
		{583F4692-82BF-4BA0-B0A0-85C0B3FE933B}.Release|Any CPU.Build.0 = Release|Any CPU
		{583F4692-82BF-4BA0-B0A0-85C0B3FE933B}.Release|x86.ActiveCfg = Release|Any CPU
		{B215B57C-E07A-4BC8-BFB6-A10B8A2E2B66}.Debug|Any CPU.ActiveCfg = Debug|Any CPU
		{B215B57C-E07A-4BC8-BFB6-A10B8A2E2B66}.Debug|Any CPU.Build.0 = Debug|Any CPU
		{B215B57C-E07A-4BC8-BFB6-A10B8A2E2B66}.Debug|x86.ActiveCfg = Debug|Any CPU
		{B215B57C-E07A-4BC8-BFB6-A10B8A2E2B66}.Release|Any CPU.ActiveCfg = Release|Any CPU
		{B215B57C-E07A-4BC8-BFB6-A10B8A2E2B66}.Release|Any CPU.Build.0 = Release|Any CPU
		{B215B57C-E07A-4BC8-BFB6-A10B8A2E2B66}.Release|x86.ActiveCfg = Release|Any CPU
		{D024F808-9601-473E-B5E6-B0268F25E54F}.Debug|Any CPU.ActiveCfg = Debug|Any CPU
		{D024F808-9601-473E-B5E6-B0268F25E54F}.Debug|Any CPU.Build.0 = Debug|Any CPU
		{D024F808-9601-473E-B5E6-B0268F25E54F}.Debug|x86.ActiveCfg = Debug|Any CPU
		{D024F808-9601-473E-B5E6-B0268F25E54F}.Release|Any CPU.ActiveCfg = Release|Any CPU
		{D024F808-9601-473E-B5E6-B0268F25E54F}.Release|Any CPU.Build.0 = Release|Any CPU
		{D024F808-9601-473E-B5E6-B0268F25E54F}.Release|x86.ActiveCfg = Release|Any CPU
		{21ABD917-74AA-4F08-9A5E-80604A341481}.Debug|Any CPU.ActiveCfg = Debug|Any CPU
		{21ABD917-74AA-4F08-9A5E-80604A341481}.Debug|Any CPU.Build.0 = Debug|Any CPU
		{21ABD917-74AA-4F08-9A5E-80604A341481}.Debug|x86.ActiveCfg = Debug|Any CPU
		{21ABD917-74AA-4F08-9A5E-80604A341481}.Release|Any CPU.ActiveCfg = Release|Any CPU
		{21ABD917-74AA-4F08-9A5E-80604A341481}.Release|Any CPU.Build.0 = Release|Any CPU
		{21ABD917-74AA-4F08-9A5E-80604A341481}.Release|x86.ActiveCfg = Release|Any CPU
		{2EA01FD1-057A-4A97-B5D2-B67CE57393A4}.Debug|Any CPU.ActiveCfg = Debug|Any CPU
		{2EA01FD1-057A-4A97-B5D2-B67CE57393A4}.Debug|Any CPU.Build.0 = Debug|Any CPU
		{2EA01FD1-057A-4A97-B5D2-B67CE57393A4}.Debug|x86.ActiveCfg = Debug|Any CPU
		{2EA01FD1-057A-4A97-B5D2-B67CE57393A4}.Release|Any CPU.ActiveCfg = Release|Any CPU
		{2EA01FD1-057A-4A97-B5D2-B67CE57393A4}.Release|Any CPU.Build.0 = Release|Any CPU
		{2EA01FD1-057A-4A97-B5D2-B67CE57393A4}.Release|x86.ActiveCfg = Release|Any CPU
		{77541054-C328-41F0-810B-13732577C10E}.Debug|Any CPU.ActiveCfg = Debug|Any CPU
		{77541054-C328-41F0-810B-13732577C10E}.Debug|Any CPU.Build.0 = Debug|Any CPU
		{77541054-C328-41F0-810B-13732577C10E}.Debug|x86.ActiveCfg = Debug|x86
		{77541054-C328-41F0-810B-13732577C10E}.Debug|x86.Build.0 = Debug|x86
		{77541054-C328-41F0-810B-13732577C10E}.Release|Any CPU.ActiveCfg = Release|Any CPU
		{77541054-C328-41F0-810B-13732577C10E}.Release|Any CPU.Build.0 = Release|Any CPU
		{77541054-C328-41F0-810B-13732577C10E}.Release|x86.ActiveCfg = Release|x86
		{77541054-C328-41F0-810B-13732577C10E}.Release|x86.Build.0 = Release|x86
		{1435B6EA-02A2-4AFE-B049-3263410AE05E}.Debug|Any CPU.ActiveCfg = Debug|Any CPU
		{1435B6EA-02A2-4AFE-B049-3263410AE05E}.Debug|Any CPU.Build.0 = Debug|Any CPU
		{1435B6EA-02A2-4AFE-B049-3263410AE05E}.Debug|x86.ActiveCfg = Debug|Any CPU
		{1435B6EA-02A2-4AFE-B049-3263410AE05E}.Release|Any CPU.ActiveCfg = Release|Any CPU
		{1435B6EA-02A2-4AFE-B049-3263410AE05E}.Release|Any CPU.Build.0 = Release|Any CPU
		{1435B6EA-02A2-4AFE-B049-3263410AE05E}.Release|x86.ActiveCfg = Release|Any CPU
		{8DB01656-1DEC-4D85-8BDF-041C1CDD64CC}.Debug|Any CPU.ActiveCfg = Debug|Any CPU
		{8DB01656-1DEC-4D85-8BDF-041C1CDD64CC}.Debug|Any CPU.Build.0 = Debug|Any CPU
		{8DB01656-1DEC-4D85-8BDF-041C1CDD64CC}.Debug|x86.ActiveCfg = Debug|Any CPU
		{8DB01656-1DEC-4D85-8BDF-041C1CDD64CC}.Release|Any CPU.ActiveCfg = Release|Any CPU
		{8DB01656-1DEC-4D85-8BDF-041C1CDD64CC}.Release|Any CPU.Build.0 = Release|Any CPU
		{8DB01656-1DEC-4D85-8BDF-041C1CDD64CC}.Release|x86.ActiveCfg = Release|Any CPU
		{E96BB55F-9788-4BC9-9CBC-B19ADE6076BF}.Debug|Any CPU.ActiveCfg = Debug|Any CPU
		{E96BB55F-9788-4BC9-9CBC-B19ADE6076BF}.Debug|Any CPU.Build.0 = Debug|Any CPU
		{E96BB55F-9788-4BC9-9CBC-B19ADE6076BF}.Debug|x86.ActiveCfg = Debug|Any CPU
		{E96BB55F-9788-4BC9-9CBC-B19ADE6076BF}.Release|Any CPU.ActiveCfg = Release|Any CPU
		{E96BB55F-9788-4BC9-9CBC-B19ADE6076BF}.Release|Any CPU.Build.0 = Release|Any CPU
		{E96BB55F-9788-4BC9-9CBC-B19ADE6076BF}.Release|x86.ActiveCfg = Release|Any CPU
		{075E5DF9-270B-4614-9E56-11DE9FB3CFE6}.Debug|Any CPU.ActiveCfg = Debug|Any CPU
		{075E5DF9-270B-4614-9E56-11DE9FB3CFE6}.Debug|Any CPU.Build.0 = Debug|Any CPU
		{075E5DF9-270B-4614-9E56-11DE9FB3CFE6}.Debug|x86.ActiveCfg = Debug|Any CPU
		{075E5DF9-270B-4614-9E56-11DE9FB3CFE6}.Release|Any CPU.ActiveCfg = Release|Any CPU
		{075E5DF9-270B-4614-9E56-11DE9FB3CFE6}.Release|Any CPU.Build.0 = Release|Any CPU
		{075E5DF9-270B-4614-9E56-11DE9FB3CFE6}.Release|x86.ActiveCfg = Release|Any CPU
		{74D32CE0-CDC7-43D1-B35D-149DC0DAFE67}.Debug|Any CPU.ActiveCfg = Debug|Any CPU
		{74D32CE0-CDC7-43D1-B35D-149DC0DAFE67}.Debug|Any CPU.Build.0 = Debug|Any CPU
		{74D32CE0-CDC7-43D1-B35D-149DC0DAFE67}.Debug|x86.ActiveCfg = Debug|Any CPU
		{74D32CE0-CDC7-43D1-B35D-149DC0DAFE67}.Release|Any CPU.ActiveCfg = Release|Any CPU
		{74D32CE0-CDC7-43D1-B35D-149DC0DAFE67}.Release|Any CPU.Build.0 = Release|Any CPU
		{74D32CE0-CDC7-43D1-B35D-149DC0DAFE67}.Release|x86.ActiveCfg = Release|Any CPU
		{FE0FCADA-1D90-4D79-B8A9-0F92CA38C70C}.Debug|Any CPU.ActiveCfg = Debug|Any CPU
		{FE0FCADA-1D90-4D79-B8A9-0F92CA38C70C}.Debug|Any CPU.Build.0 = Debug|Any CPU
		{FE0FCADA-1D90-4D79-B8A9-0F92CA38C70C}.Debug|x86.ActiveCfg = Debug|Any CPU
		{FE0FCADA-1D90-4D79-B8A9-0F92CA38C70C}.Release|Any CPU.ActiveCfg = Release|Any CPU
		{FE0FCADA-1D90-4D79-B8A9-0F92CA38C70C}.Release|Any CPU.Build.0 = Release|Any CPU
		{FE0FCADA-1D90-4D79-B8A9-0F92CA38C70C}.Release|x86.ActiveCfg = Release|Any CPU
		{56B8D9A8-46E5-4791-997C-A4C7CFA10EB0}.Debug|Any CPU.ActiveCfg = Debug|Any CPU
		{56B8D9A8-46E5-4791-997C-A4C7CFA10EB0}.Debug|Any CPU.Build.0 = Debug|Any CPU
		{56B8D9A8-46E5-4791-997C-A4C7CFA10EB0}.Debug|x86.ActiveCfg = Debug|Any CPU
		{56B8D9A8-46E5-4791-997C-A4C7CFA10EB0}.Release|Any CPU.ActiveCfg = Release|Any CPU
		{56B8D9A8-46E5-4791-997C-A4C7CFA10EB0}.Release|Any CPU.Build.0 = Release|Any CPU
		{56B8D9A8-46E5-4791-997C-A4C7CFA10EB0}.Release|x86.ActiveCfg = Release|Any CPU
		{53311DCF-C52C-4272-8DDD-1B91B26DFC41}.Debug|Any CPU.ActiveCfg = Debug|Any CPU
		{53311DCF-C52C-4272-8DDD-1B91B26DFC41}.Debug|Any CPU.Build.0 = Debug|Any CPU
		{53311DCF-C52C-4272-8DDD-1B91B26DFC41}.Debug|x86.ActiveCfg = Debug|Any CPU
		{53311DCF-C52C-4272-8DDD-1B91B26DFC41}.Release|Any CPU.ActiveCfg = Release|Any CPU
		{53311DCF-C52C-4272-8DDD-1B91B26DFC41}.Release|Any CPU.Build.0 = Release|Any CPU
		{53311DCF-C52C-4272-8DDD-1B91B26DFC41}.Release|x86.ActiveCfg = Release|Any CPU
		{5D2A3311-BB55-4D68-9513-B178A37C8406}.Debug|Any CPU.ActiveCfg = Debug|Any CPU
		{5D2A3311-BB55-4D68-9513-B178A37C8406}.Debug|Any CPU.Build.0 = Debug|Any CPU
		{5D2A3311-BB55-4D68-9513-B178A37C8406}.Debug|x86.ActiveCfg = Debug|Any CPU
		{5D2A3311-BB55-4D68-9513-B178A37C8406}.Release|Any CPU.ActiveCfg = Release|Any CPU
		{5D2A3311-BB55-4D68-9513-B178A37C8406}.Release|Any CPU.Build.0 = Release|Any CPU
		{5D2A3311-BB55-4D68-9513-B178A37C8406}.Release|x86.ActiveCfg = Release|Any CPU
		{F3DA175B-8CF3-46A7-B36F-E052D8995342}.Debug|Any CPU.ActiveCfg = Debug|Any CPU
		{F3DA175B-8CF3-46A7-B36F-E052D8995342}.Debug|Any CPU.Build.0 = Debug|Any CPU
		{F3DA175B-8CF3-46A7-B36F-E052D8995342}.Debug|x86.ActiveCfg = Debug|Any CPU
		{F3DA175B-8CF3-46A7-B36F-E052D8995342}.Release|Any CPU.ActiveCfg = Release|Any CPU
		{F3DA175B-8CF3-46A7-B36F-E052D8995342}.Release|Any CPU.Build.0 = Release|Any CPU
		{F3DA175B-8CF3-46A7-B36F-E052D8995342}.Release|x86.ActiveCfg = Release|Any CPU
		{480ABF65-9408-45F2-A5DF-F1D3673CDFDE}.Debug|Any CPU.ActiveCfg = Debug|Any CPU
		{480ABF65-9408-45F2-A5DF-F1D3673CDFDE}.Debug|Any CPU.Build.0 = Debug|Any CPU
		{480ABF65-9408-45F2-A5DF-F1D3673CDFDE}.Debug|x86.ActiveCfg = Debug|Any CPU
		{480ABF65-9408-45F2-A5DF-F1D3673CDFDE}.Release|Any CPU.ActiveCfg = Release|Any CPU
		{480ABF65-9408-45F2-A5DF-F1D3673CDFDE}.Release|Any CPU.Build.0 = Release|Any CPU
		{480ABF65-9408-45F2-A5DF-F1D3673CDFDE}.Release|x86.ActiveCfg = Release|Any CPU
		{52AFD884-63E5-49AA-BB2D-8644BF01CEB7}.Debug|Any CPU.ActiveCfg = Debug|Any CPU
		{52AFD884-63E5-49AA-BB2D-8644BF01CEB7}.Debug|Any CPU.Build.0 = Debug|Any CPU
		{52AFD884-63E5-49AA-BB2D-8644BF01CEB7}.Debug|x86.ActiveCfg = Debug|Any CPU
		{52AFD884-63E5-49AA-BB2D-8644BF01CEB7}.Release|Any CPU.ActiveCfg = Release|Any CPU
		{52AFD884-63E5-49AA-BB2D-8644BF01CEB7}.Release|Any CPU.Build.0 = Release|Any CPU
		{52AFD884-63E5-49AA-BB2D-8644BF01CEB7}.Release|x86.ActiveCfg = Release|Any CPU
		{24C494E2-C12D-4925-8D15-BC460A44DA5C}.Debug|Any CPU.ActiveCfg = Debug|Any CPU
		{24C494E2-C12D-4925-8D15-BC460A44DA5C}.Debug|Any CPU.Build.0 = Debug|Any CPU
		{24C494E2-C12D-4925-8D15-BC460A44DA5C}.Debug|x86.ActiveCfg = Debug|Any CPU
		{24C494E2-C12D-4925-8D15-BC460A44DA5C}.Release|Any CPU.ActiveCfg = Release|Any CPU
		{24C494E2-C12D-4925-8D15-BC460A44DA5C}.Release|Any CPU.Build.0 = Release|Any CPU
		{24C494E2-C12D-4925-8D15-BC460A44DA5C}.Release|x86.ActiveCfg = Release|Any CPU
		{229C5E34-1D72-46E6-BC58-335F9446CDC2}.Debug|Any CPU.ActiveCfg = Debug|Any CPU
		{229C5E34-1D72-46E6-BC58-335F9446CDC2}.Debug|Any CPU.Build.0 = Debug|Any CPU
		{229C5E34-1D72-46E6-BC58-335F9446CDC2}.Debug|x86.ActiveCfg = Debug|Any CPU
		{229C5E34-1D72-46E6-BC58-335F9446CDC2}.Release|Any CPU.ActiveCfg = Release|Any CPU
		{229C5E34-1D72-46E6-BC58-335F9446CDC2}.Release|Any CPU.Build.0 = Release|Any CPU
		{229C5E34-1D72-46E6-BC58-335F9446CDC2}.Release|x86.ActiveCfg = Release|Any CPU
	EndGlobalSection
	GlobalSection(SolutionProperties) = preSolution
		HideSolutionNode = FALSE
	EndGlobalSection
	GlobalSection(NestedProjects) = preSolution
		{19636970-246A-4CB1-ADA9-2D43E29564F9} = {7C45817A-6A7C-4771-8FBD-011E3A5DAADF}
		{7293EB11-0D31-432D-90DC-640334407B03} = {015874F8-60E9-47A9-9B1D-09F03D6D65F0}
		{DDCB1251-AC79-45B3-96E4-27B5B995B196} = {015874F8-60E9-47A9-9B1D-09F03D6D65F0}
		{BE9BC0D1-B2C8-4EC9-8CAC-CB0557DBD008} = {015874F8-60E9-47A9-9B1D-09F03D6D65F0}
		{583F4692-82BF-4BA0-B0A0-85C0B3FE933B} = {35954502-3EEC-4E7E-81B4-F4D75A1B33E3}
		{B215B57C-E07A-4BC8-BFB6-A10B8A2E2B66} = {35954502-3EEC-4E7E-81B4-F4D75A1B33E3}
		{D024F808-9601-473E-B5E6-B0268F25E54F} = {35954502-3EEC-4E7E-81B4-F4D75A1B33E3}
		{21ABD917-74AA-4F08-9A5E-80604A341481} = {015874F8-60E9-47A9-9B1D-09F03D6D65F0}
		{F3CE9725-57CD-40BC-A968-A6C3C694ABCC} = {015874F8-60E9-47A9-9B1D-09F03D6D65F0}
		{35954502-3EEC-4E7E-81B4-F4D75A1B33E3} = {015874F8-60E9-47A9-9B1D-09F03D6D65F0}
		{2EA01FD1-057A-4A97-B5D2-B67CE57393A4} = {F3CE9725-57CD-40BC-A968-A6C3C694ABCC}
		{77541054-C328-41F0-810B-13732577C10E} = {F3CE9725-57CD-40BC-A968-A6C3C694ABCC}
		{1435B6EA-02A2-4AFE-B049-3263410AE05E} = {06564B87-126A-4381-BBC3-05405E6CF389}
		{8DB01656-1DEC-4D85-8BDF-041C1CDD64CC} = {06564B87-126A-4381-BBC3-05405E6CF389}
		{E96BB55F-9788-4BC9-9CBC-B19ADE6076BF} = {06564B87-126A-4381-BBC3-05405E6CF389}
		{075E5DF9-270B-4614-9E56-11DE9FB3CFE6} = {F0CBB8D5-CB6B-4B32-BA6C-943A2EFFF38B}
		{74D32CE0-CDC7-43D1-B35D-149DC0DAFE67} = {015874F8-60E9-47A9-9B1D-09F03D6D65F0}
		{FE0FCADA-1D90-4D79-B8A9-0F92CA38C70C} = {7C45817A-6A7C-4771-8FBD-011E3A5DAADF}
		{56B8D9A8-46E5-4791-997C-A4C7CFA10EB0} = {F0CBB8D5-CB6B-4B32-BA6C-943A2EFFF38B}
		{53311DCF-C52C-4272-8DDD-1B91B26DFC41} = {C5453773-139E-44DF-94AF-9F73A359D365}
		{729D5DB9-BC87-4B6F-A4A0-D14559627F86} = {7C45817A-6A7C-4771-8FBD-011E3A5DAADF}
		{5D2A3311-BB55-4D68-9513-B178A37C8406} = {729D5DB9-BC87-4B6F-A4A0-D14559627F86}
		{F3DA175B-8CF3-46A7-B36F-E052D8995342} = {729D5DB9-BC87-4B6F-A4A0-D14559627F86}
		{480ABF65-9408-45F2-A5DF-F1D3673CDFDE} = {7C45817A-6A7C-4771-8FBD-011E3A5DAADF}
		{52AFD884-63E5-49AA-BB2D-8644BF01CEB7} = {7C45817A-6A7C-4771-8FBD-011E3A5DAADF}
		{24C494E2-C12D-4925-8D15-BC460A44DA5C} = {7C45817A-6A7C-4771-8FBD-011E3A5DAADF}
		{229C5E34-1D72-46E6-BC58-335F9446CDC2} = {7C45817A-6A7C-4771-8FBD-011E3A5DAADF}
	EndGlobalSection
	GlobalSection(ExtensibilityGlobals) = postSolution
		EnterpriseLibraryConfigurationToolBinariesPath = packages\Unity.2.1.505.2\lib\NET35;packages\Unity.Interception.2.1.505.2\lib\NET35;packages\EnterpriseLibrary.Common.5.0.505.0\lib\NET35;packages\EnterpriseLibrary.Logging.5.0.505.1\lib\NET35
		EnterpriseLibraryConfigurationToolBinariesPathV6 = packages\EnterpriseLibrary.Common.6.0.1304.0\lib\NET45;packages\EnterpriseLibrary.Logging.6.0.1304.0\lib\NET45
	EndGlobalSection
EndGlobal
